// !$*UTF8*$!
{
	archiveVersion = 1;
	classes = {
	};
	objectVersion = 56;
	objects = {

/* Begin PBXBuildFile section */
		5B0C3D4C2AB24A12000C0F6A /* CreditsView.swift in Sources */ = {isa = PBXBuildFile; fileRef = 5B0C3D4B2AB24A12000C0F6A /* CreditsView.swift */; };
		5B0C3D4F2AB24F51000C0F6A /* HeaderView.swift in Sources */ = {isa = PBXBuildFile; fileRef = 5B0C3D4E2AB24F51000C0F6A /* HeaderView.swift */; };
		5B5D16E82AB1E99F009FFEA9 /* Notes Watch App.app in Embed Watch Content */ = {isa = PBXBuildFile; fileRef = 5B5D16E72AB1E99F009FFEA9 /* Notes Watch App.app */; settings = {ATTRIBUTES = (RemoveHeadersOnCopy, ); }; };
		5B5D16ED2AB1E99F009FFEA9 /* NotesApp.swift in Sources */ = {isa = PBXBuildFile; fileRef = 5B5D16EC2AB1E99F009FFEA9 /* NotesApp.swift */; };
		5B5D16EF2AB1E99F009FFEA9 /* ContentView.swift in Sources */ = {isa = PBXBuildFile; fileRef = 5B5D16EE2AB1E99F009FFEA9 /* ContentView.swift */; };
		5B5D16F12AB1E9A0009FFEA9 /* Assets.xcassets in Resources */ = {isa = PBXBuildFile; fileRef = 5B5D16F02AB1E9A0009FFEA9 /* Assets.xcassets */; };
		5B5D16F42AB1E9A0009FFEA9 /* Preview Assets.xcassets in Resources */ = {isa = PBXBuildFile; fileRef = 5B5D16F32AB1E9A0009FFEA9 /* Preview Assets.xcassets */; };
		5B5D17022AB1F9C9009FFEA9 /* Note.swift in Sources */ = {isa = PBXBuildFile; fileRef = 5B5D17012AB1F9C9009FFEA9 /* Note.swift */; };
		5B5D17042AB2366C009FFEA9 /* DetailView.swift in Sources */ = {isa = PBXBuildFile; fileRef = 5B5D17032AB2366C009FFEA9 /* DetailView.swift */; };
/* End PBXBuildFile section */

/* Begin PBXContainerItemProxy section */
		5B5D16E92AB1E99F009FFEA9 /* PBXContainerItemProxy */ = {
			isa = PBXContainerItemProxy;
			containerPortal = 5B5D16DB2AB1E99F009FFEA9 /* Project object */;
			proxyType = 1;
			remoteGlobalIDString = 5B5D16E62AB1E99F009FFEA9;
			remoteInfo = "Notes Watch App";
		};
/* End PBXContainerItemProxy section */

/* Begin PBXCopyFilesBuildPhase section */
		5B5D16FA2AB1E9A0009FFEA9 /* Embed Watch Content */ = {
			isa = PBXCopyFilesBuildPhase;
			buildActionMask = 2147483647;
			dstPath = "$(CONTENTS_FOLDER_PATH)/Watch";
			dstSubfolderSpec = 16;
			files = (
				5B5D16E82AB1E99F009FFEA9 /* Notes Watch App.app in Embed Watch Content */,
			);
			name = "Embed Watch Content";
			runOnlyForDeploymentPostprocessing = 0;
		};
/* End PBXCopyFilesBuildPhase section */

/* Begin PBXFileReference section */
		5B0C3D4B2AB24A12000C0F6A /* CreditsView.swift */ = {isa = PBXFileReference; lastKnownFileType = sourcecode.swift; path = CreditsView.swift; sourceTree = "<group>"; };
		5B0C3D4E2AB24F51000C0F6A /* HeaderView.swift */ = {isa = PBXFileReference; lastKnownFileType = sourcecode.swift; path = HeaderView.swift; sourceTree = "<group>"; };
		5B5D16E12AB1E99F009FFEA9 /* Notes.app */ = {isa = PBXFileReference; explicitFileType = wrapper.application; includeInIndex = 0; path = Notes.app; sourceTree = BUILT_PRODUCTS_DIR; };
		5B5D16E72AB1E99F009FFEA9 /* Notes Watch App.app */ = {isa = PBXFileReference; explicitFileType = wrapper.application; includeInIndex = 0; path = "Notes Watch App.app"; sourceTree = BUILT_PRODUCTS_DIR; };
		5B5D16EC2AB1E99F009FFEA9 /* NotesApp.swift */ = {isa = PBXFileReference; lastKnownFileType = sourcecode.swift; path = NotesApp.swift; sourceTree = "<group>"; };
		5B5D16EE2AB1E99F009FFEA9 /* ContentView.swift */ = {isa = PBXFileReference; lastKnownFileType = sourcecode.swift; path = ContentView.swift; sourceTree = "<group>"; };
		5B5D16F02AB1E9A0009FFEA9 /* Assets.xcassets */ = {isa = PBXFileReference; lastKnownFileType = folder.assetcatalog; path = Assets.xcassets; sourceTree = "<group>"; };
		5B5D16F32AB1E9A0009FFEA9 /* Preview Assets.xcassets */ = {isa = PBXFileReference; lastKnownFileType = folder.assetcatalog; path = "Preview Assets.xcassets"; sourceTree = "<group>"; };
		5B5D17012AB1F9C9009FFEA9 /* Note.swift */ = {isa = PBXFileReference; lastKnownFileType = sourcecode.swift; path = Note.swift; sourceTree = "<group>"; };
		5B5D17032AB2366C009FFEA9 /* DetailView.swift */ = {isa = PBXFileReference; lastKnownFileType = sourcecode.swift; path = DetailView.swift; sourceTree = "<group>"; };
/* End PBXFileReference section */

/* Begin PBXFrameworksBuildPhase section */
		5B5D16E42AB1E99F009FFEA9 /* Frameworks */ = {
			isa = PBXFrameworksBuildPhase;
			buildActionMask = 2147483647;
			files = (
			);
			runOnlyForDeploymentPostprocessing = 0;
		};
/* End PBXFrameworksBuildPhase section */

/* Begin PBXGroup section */
		5B0C3D4D2AB24F3F000C0F6A /* Component */ = {
			isa = PBXGroup;
			children = (
				5B0C3D4E2AB24F51000C0F6A /* HeaderView.swift */,
			);
			path = Component;
			sourceTree = "<group>";
		};
		5B5D16DA2AB1E99F009FFEA9 = {
			isa = PBXGroup;
			children = (
				5B5D16EB2AB1E99F009FFEA9 /* Notes Watch App */,
				5B5D16E22AB1E99F009FFEA9 /* Products */,
			);
			sourceTree = "<group>";
		};
		5B5D16E22AB1E99F009FFEA9 /* Products */ = {
			isa = PBXGroup;
			children = (
				5B5D16E12AB1E99F009FFEA9 /* Notes.app */,
				5B5D16E72AB1E99F009FFEA9 /* Notes Watch App.app */,
			);
			name = Products;
			sourceTree = "<group>";
		};
		5B5D16EB2AB1E99F009FFEA9 /* Notes Watch App */ = {
			isa = PBXGroup;
			children = (
				5B5D17002AB1F8BA009FFEA9 /* Model */,
				5B5D16FE2AB1F89A009FFEA9 /* View */,
				5B5D16F02AB1E9A0009FFEA9 /* Assets.xcassets */,
				5B5D16F22AB1E9A0009FFEA9 /* Preview Content */,
			);
			path = "Notes Watch App";
			sourceTree = "<group>";
		};
		5B5D16F22AB1E9A0009FFEA9 /* Preview Content */ = {
			isa = PBXGroup;
			children = (
				5B5D16F32AB1E9A0009FFEA9 /* Preview Assets.xcassets */,
			);
			path = "Preview Content";
			sourceTree = "<group>";
		};
		5B5D16FE2AB1F89A009FFEA9 /* View */ = {
			isa = PBXGroup;
			children = (
				5B0C3D4D2AB24F3F000C0F6A /* Component */,
				5B5D16EE2AB1E99F009FFEA9 /* ContentView.swift */,
				5B5D17032AB2366C009FFEA9 /* DetailView.swift */,
				5B0C3D4B2AB24A12000C0F6A /* CreditsView.swift */,
			);
			path = View;
			sourceTree = "<group>";
		};
		5B5D17002AB1F8BA009FFEA9 /* Model */ = {
			isa = PBXGroup;
			children = (
				5B5D16EC2AB1E99F009FFEA9 /* NotesApp.swift */,
				5B5D17012AB1F9C9009FFEA9 /* Note.swift */,
			);
			path = Model;
			sourceTree = "<group>";
		};
/* End PBXGroup section */

/* Begin PBXNativeTarget section */
		5B5D16E02AB1E99F009FFEA9 /* Notes */ = {
			isa = PBXNativeTarget;
			buildConfigurationList = 5B5D16FB2AB1E9A0009FFEA9 /* Build configuration list for PBXNativeTarget "Notes" */;
			buildPhases = (
				5B5D16DF2AB1E99F009FFEA9 /* Resources */,
				5B5D16FA2AB1E9A0009FFEA9 /* Embed Watch Content */,
			);
			buildRules = (
			);
			dependencies = (
				5B5D16EA2AB1E99F009FFEA9 /* PBXTargetDependency */,
			);
			name = Notes;
			productName = Notes;
			productReference = 5B5D16E12AB1E99F009FFEA9 /* Notes.app */;
			productType = "com.apple.product-type.application.watchapp2-container";
		};
		5B5D16E62AB1E99F009FFEA9 /* Notes Watch App */ = {
			isa = PBXNativeTarget;
			buildConfigurationList = 5B5D16F72AB1E9A0009FFEA9 /* Build configuration list for PBXNativeTarget "Notes Watch App" */;
			buildPhases = (
				5B5D16E32AB1E99F009FFEA9 /* Sources */,
				5B5D16E42AB1E99F009FFEA9 /* Frameworks */,
				5B5D16E52AB1E99F009FFEA9 /* Resources */,
			);
			buildRules = (
			);
			dependencies = (
			);
			name = "Notes Watch App";
			productName = "Notes Watch App";
			productReference = 5B5D16E72AB1E99F009FFEA9 /* Notes Watch App.app */;
			productType = "com.apple.product-type.application";
		};
/* End PBXNativeTarget section */

/* Begin PBXProject section */
		5B5D16DB2AB1E99F009FFEA9 /* Project object */ = {
			isa = PBXProject;
			attributes = {
				BuildIndependentTargetsInParallel = 1;
				LastSwiftUpdateCheck = 1430;
				LastUpgradeCheck = 1430;
				TargetAttributes = {
					5B5D16E02AB1E99F009FFEA9 = {
						CreatedOnToolsVersion = 14.3.1;
					};
					5B5D16E62AB1E99F009FFEA9 = {
						CreatedOnToolsVersion = 14.3.1;
					};
				};
			};
			buildConfigurationList = 5B5D16DE2AB1E99F009FFEA9 /* Build configuration list for PBXProject "Notes" */;
			compatibilityVersion = "Xcode 14.0";
			developmentRegion = en;
			hasScannedForEncodings = 0;
			knownRegions = (
				en,
				Base,
			);
			mainGroup = 5B5D16DA2AB1E99F009FFEA9;
			productRefGroup = 5B5D16E22AB1E99F009FFEA9 /* Products */;
			projectDirPath = "";
			projectRoot = "";
			targets = (
				5B5D16E02AB1E99F009FFEA9 /* Notes */,
				5B5D16E62AB1E99F009FFEA9 /* Notes Watch App */,
			);
		};
/* End PBXProject section */

/* Begin PBXResourcesBuildPhase section */
		5B5D16DF2AB1E99F009FFEA9 /* Resources */ = {
			isa = PBXResourcesBuildPhase;
			buildActionMask = 2147483647;
			files = (
			);
			runOnlyForDeploymentPostprocessing = 0;
		};
		5B5D16E52AB1E99F009FFEA9 /* Resources */ = {
			isa = PBXResourcesBuildPhase;
			buildActionMask = 2147483647;
			files = (
				5B5D16F42AB1E9A0009FFEA9 /* Preview Assets.xcassets in Resources */,
				5B5D16F12AB1E9A0009FFEA9 /* Assets.xcassets in Resources */,
			);
			runOnlyForDeploymentPostprocessing = 0;
		};
/* End PBXResourcesBuildPhase section */

/* Begin PBXSourcesBuildPhase section */
		5B5D16E32AB1E99F009FFEA9 /* Sources */ = {
			isa = PBXSourcesBuildPhase;
			buildActionMask = 2147483647;
			files = (
				5B5D16EF2AB1E99F009FFEA9 /* ContentView.swift in Sources */,
				5B0C3D4F2AB24F51000C0F6A /* HeaderView.swift in Sources */,
				5B5D17042AB2366C009FFEA9 /* DetailView.swift in Sources */,
				5B5D16ED2AB1E99F009FFEA9 /* NotesApp.swift in Sources */,
				5B0C3D4C2AB24A12000C0F6A /* CreditsView.swift in Sources */,
				5B5D17022AB1F9C9009FFEA9 /* Note.swift in Sources */,
			);
			runOnlyForDeploymentPostprocessing = 0;
		};
/* End PBXSourcesBuildPhase section */

/* Begin PBXTargetDependency section */
		5B5D16EA2AB1E99F009FFEA9 /* PBXTargetDependency */ = {
			isa = PBXTargetDependency;
			target = 5B5D16E62AB1E99F009FFEA9 /* Notes Watch App */;
			targetProxy = 5B5D16E92AB1E99F009FFEA9 /* PBXContainerItemProxy */;
		};
/* End PBXTargetDependency section */

/* Begin XCBuildConfiguration section */
		5B5D16F52AB1E9A0009FFEA9 /* Debug */ = {
			isa = XCBuildConfiguration;
			buildSettings = {
				ALWAYS_SEARCH_USER_PATHS = NO;
				CLANG_ANALYZER_NONNULL = YES;
				CLANG_ANALYZER_NUMBER_OBJECT_CONVERSION = YES_AGGRESSIVE;
				CLANG_CXX_LANGUAGE_STANDARD = "gnu++20";
				CLANG_ENABLE_MODULES = YES;
				CLANG_ENABLE_OBJC_ARC = YES;
				CLANG_ENABLE_OBJC_WEAK = YES;
				CLANG_WARN_BLOCK_CAPTURE_AUTORELEASING = YES;
				CLANG_WARN_BOOL_CONVERSION = YES;
				CLANG_WARN_COMMA = YES;
				CLANG_WARN_CONSTANT_CONVERSION = YES;
				CLANG_WARN_DEPRECATED_OBJC_IMPLEMENTATIONS = YES;
				CLANG_WARN_DIRECT_OBJC_ISA_USAGE = YES_ERROR;
				CLANG_WARN_DOCUMENTATION_COMMENTS = YES;
				CLANG_WARN_EMPTY_BODY = YES;
				CLANG_WARN_ENUM_CONVERSION = YES;
				CLANG_WARN_INFINITE_RECURSION = YES;
				CLANG_WARN_INT_CONVERSION = YES;
				CLANG_WARN_NON_LITERAL_NULL_CONVERSION = YES;
				CLANG_WARN_OBJC_IMPLICIT_RETAIN_SELF = YES;
				CLANG_WARN_OBJC_LITERAL_CONVERSION = YES;
				CLANG_WARN_OBJC_ROOT_CLASS = YES_ERROR;
				CLANG_WARN_QUOTED_INCLUDE_IN_FRAMEWORK_HEADER = YES;
				CLANG_WARN_RANGE_LOOP_ANALYSIS = YES;
				CLANG_WARN_STRICT_PROTOTYPES = YES;
				CLANG_WARN_SUSPICIOUS_MOVE = YES;
				CLANG_WARN_UNGUARDED_AVAILABILITY = YES_AGGRESSIVE;
				CLANG_WARN_UNREACHABLE_CODE = YES;
				CLANG_WARN__DUPLICATE_METHOD_MATCH = YES;
				COPY_PHASE_STRIP = NO;
				DEBUG_INFORMATION_FORMAT = dwarf;
				ENABLE_STRICT_OBJC_MSGSEND = YES;
				ENABLE_TESTABILITY = YES;
				GCC_C_LANGUAGE_STANDARD = gnu11;
				GCC_DYNAMIC_NO_PIC = NO;
				GCC_NO_COMMON_BLOCKS = YES;
				GCC_OPTIMIZATION_LEVEL = 0;
				GCC_PREPROCESSOR_DEFINITIONS = (
					"DEBUG=1",
					"$(inherited)",
				);
				GCC_WARN_64_TO_32_BIT_CONVERSION = YES;
				GCC_WARN_ABOUT_RETURN_TYPE = YES_ERROR;
				GCC_WARN_UNDECLARED_SELECTOR = YES;
				GCC_WARN_UNINITIALIZED_AUTOS = YES_AGGRESSIVE;
				GCC_WARN_UNUSED_FUNCTION = YES;
				GCC_WARN_UNUSED_VARIABLE = YES;
				MTL_ENABLE_DEBUG_INFO = INCLUDE_SOURCE;
				MTL_FAST_MATH = YES;
				ONLY_ACTIVE_ARCH = YES;
				SWIFT_ACTIVE_COMPILATION_CONDITIONS = DEBUG;
				SWIFT_OPTIMIZATION_LEVEL = "-Onone";
			};
			name = Debug;
		};
		5B5D16F62AB1E9A0009FFEA9 /* Release */ = {
			isa = XCBuildConfiguration;
			buildSettings = {
				ALWAYS_SEARCH_USER_PATHS = NO;
				CLANG_ANALYZER_NONNULL = YES;
				CLANG_ANALYZER_NUMBER_OBJECT_CONVERSION = YES_AGGRESSIVE;
				CLANG_CXX_LANGUAGE_STANDARD = "gnu++20";
				CLANG_ENABLE_MODULES = YES;
				CLANG_ENABLE_OBJC_ARC = YES;
				CLANG_ENABLE_OBJC_WEAK = YES;
				CLANG_WARN_BLOCK_CAPTURE_AUTORELEASING = YES;
				CLANG_WARN_BOOL_CONVERSION = YES;
				CLANG_WARN_COMMA = YES;
				CLANG_WARN_CONSTANT_CONVERSION = YES;
				CLANG_WARN_DEPRECATED_OBJC_IMPLEMENTATIONS = YES;
				CLANG_WARN_DIRECT_OBJC_ISA_USAGE = YES_ERROR;
				CLANG_WARN_DOCUMENTATION_COMMENTS = YES;
				CLANG_WARN_EMPTY_BODY = YES;
				CLANG_WARN_ENUM_CONVERSION = YES;
				CLANG_WARN_INFINITE_RECURSION = YES;
				CLANG_WARN_INT_CONVERSION = YES;
				CLANG_WARN_NON_LITERAL_NULL_CONVERSION = YES;
				CLANG_WARN_OBJC_IMPLICIT_RETAIN_SELF = YES;
				CLANG_WARN_OBJC_LITERAL_CONVERSION = YES;
				CLANG_WARN_OBJC_ROOT_CLASS = YES_ERROR;
				CLANG_WARN_QUOTED_INCLUDE_IN_FRAMEWORK_HEADER = YES;
				CLANG_WARN_RANGE_LOOP_ANALYSIS = YES;
				CLANG_WARN_STRICT_PROTOTYPES = YES;
				CLANG_WARN_SUSPICIOUS_MOVE = YES;
				CLANG_WARN_UNGUARDED_AVAILABILITY = YES_AGGRESSIVE;
				CLANG_WARN_UNREACHABLE_CODE = YES;
				CLANG_WARN__DUPLICATE_METHOD_MATCH = YES;
				COPY_PHASE_STRIP = NO;
				DEBUG_INFORMATION_FORMAT = "dwarf-with-dsym";
				ENABLE_NS_ASSERTIONS = NO;
				ENABLE_STRICT_OBJC_MSGSEND = YES;
				GCC_C_LANGUAGE_STANDARD = gnu11;
				GCC_NO_COMMON_BLOCKS = YES;
				GCC_WARN_64_TO_32_BIT_CONVERSION = YES;
				GCC_WARN_ABOUT_RETURN_TYPE = YES_ERROR;
				GCC_WARN_UNDECLARED_SELECTOR = YES;
				GCC_WARN_UNINITIALIZED_AUTOS = YES_AGGRESSIVE;
				GCC_WARN_UNUSED_FUNCTION = YES;
				GCC_WARN_UNUSED_VARIABLE = YES;
				MTL_ENABLE_DEBUG_INFO = NO;
				MTL_FAST_MATH = YES;
				SWIFT_COMPILATION_MODE = wholemodule;
				SWIFT_OPTIMIZATION_LEVEL = "-O";
			};
			name = Release;
		};
		5B5D16F82AB1E9A0009FFEA9 /* Debug */ = {
			isa = XCBuildConfiguration;
			buildSettings = {
				ASSETCATALOG_COMPILER_APPICON_NAME = AppIcon;
				ASSETCATALOG_COMPILER_GLOBAL_ACCENT_COLOR_NAME = AccentColor;
				CODE_SIGN_STYLE = Automatic;
				CURRENT_PROJECT_VERSION = 1;
				DEVELOPMENT_ASSET_PATHS = "\"Notes Watch App/Preview Content\"";
				DEVELOPMENT_TEAM = 8CUV75B9C7;
				ENABLE_PREVIEWS = YES;
				GENERATE_INFOPLIST_FILE = YES;
				INFOPLIST_KEY_CFBundleDisplayName = Notes;
				INFOPLIST_KEY_UISupportedInterfaceOrientations = "UIInterfaceOrientationPortrait UIInterfaceOrientationPortraitUpsideDown";
				INFOPLIST_KEY_WKWatchOnly = YES;
				LD_RUNPATH_SEARCH_PATHS = (
					"$(inherited)",
					"@executable_path/Frameworks",
				);
				MARKETING_VERSION = 1.0;
				PRODUCT_BUNDLE_IDENTIFIER = com.zekibaklan.Notes.watchkitapp;
				PRODUCT_NAME = "$(TARGET_NAME)";
				SDKROOT = watchos;
				SKIP_INSTALL = YES;
				SWIFT_EMIT_LOC_STRINGS = YES;
				SWIFT_VERSION = 5.0;
				TARGETED_DEVICE_FAMILY = 4;
				WATCHOS_DEPLOYMENT_TARGET = 9.4;
			};
			name = Debug;
		};
		5B5D16F92AB1E9A0009FFEA9 /* Release */ = {
			isa = XCBuildConfiguration;
			buildSettings = {
				ASSETCATALOG_COMPILER_APPICON_NAME = AppIcon;
				ASSETCATALOG_COMPILER_GLOBAL_ACCENT_COLOR_NAME = AccentColor;
				CODE_SIGN_STYLE = Automatic;
				CURRENT_PROJECT_VERSION = 1;
				DEVELOPMENT_ASSET_PATHS = "\"Notes Watch App/Preview Content\"";
				DEVELOPMENT_TEAM = 8CUV75B9C7;
				ENABLE_PREVIEWS = YES;
				GENERATE_INFOPLIST_FILE = YES;
				INFOPLIST_KEY_CFBundleDisplayName = Notes;
				INFOPLIST_KEY_UISupportedInterfaceOrientations = "UIInterfaceOrientationPortrait UIInterfaceOrientationPortraitUpsideDown";
				INFOPLIST_KEY_WKWatchOnly = YES;
				LD_RUNPATH_SEARCH_PATHS = (
					"$(inherited)",
					"@executable_path/Frameworks",
				);
				MARKETING_VERSION = 1.0;
				PRODUCT_BUNDLE_IDENTIFIER = com.zekibaklan.Notes.watchkitapp;
				PRODUCT_NAME = "$(TARGET_NAME)";
				SDKROOT = watchos;
				SKIP_INSTALL = YES;
				SWIFT_EMIT_LOC_STRINGS = YES;
				SWIFT_VERSION = 5.0;
				TARGETED_DEVICE_FAMILY = 4;
				VALIDATE_PRODUCT = YES;
				WATCHOS_DEPLOYMENT_TARGET = 9.4;
			};
			name = Release;
		};
		5B5D16FC2AB1E9A0009FFEA9 /* Debug */ = {
			isa = XCBuildConfiguration;
			buildSettings = {
				ALWAYS_EMBED_SWIFT_STANDARD_LIBRARIES = YES;
				CODE_SIGN_STYLE = Automatic;
				CURRENT_PROJECT_VERSION = 1;
				DEVELOPMENT_TEAM = 8CUV75B9C7;
				INFOPLIST_KEY_CFBundleDisplayName = Notes;
				MARKETING_VERSION = 1.0;
				PRODUCT_BUNDLE_IDENTIFIER = com.zekibaklan.Notes;
				PRODUCT_NAME = "$(TARGET_NAME)";
				SDKROOT = iphoneos;
				SWIFT_VERSION = 5.0;
			};
			name = Debug;
		};
		5B5D16FD2AB1E9A0009FFEA9 /* Release */ = {
			isa = XCBuildConfiguration;
			buildSettings = {
				ALWAYS_EMBED_SWIFT_STANDARD_LIBRARIES = YES;
				CODE_SIGN_STYLE = Automatic;
				CURRENT_PROJECT_VERSION = 1;
				DEVELOPMENT_TEAM = 8CUV75B9C7;
				INFOPLIST_KEY_CFBundleDisplayName = Notes;
				MARKETING_VERSION = 1.0;
				PRODUCT_BUNDLE_IDENTIFIER = com.zekibaklan.Notes;
				PRODUCT_NAME = "$(TARGET_NAME)";
				SDKROOT = iphoneos;
				SWIFT_VERSION = 5.0;
				VALIDATE_PRODUCT = YES;
			};
			name = Release;
		};
/* End XCBuildConfiguration section */

/* Begin XCConfigurationList section */
		5B5D16DE2AB1E99F009FFEA9 /* Build configuration list for PBXProject "Notes" */ = {
			isa = XCConfigurationList;
			buildConfigurations = (
				5B5D16F52AB1E9A0009FFEA9 /* Debug */,
				5B5D16F62AB1E9A0009FFEA9 /* Release */,
			);
			defaultConfigurationIsVisible = 0;
			defaultConfigurationName = Release;
		};
		5B5D16F72AB1E9A0009FFEA9 /* Build configuration list for PBXNativeTarget "Notes Watch App" */ = {
			isa = XCConfigurationList;
			buildConfigurations = (
				5B5D16F82AB1E9A0009FFEA9 /* Debug */,
				5B5D16F92AB1E9A0009FFEA9 /* Release */,
			);
			defaultConfigurationIsVisible = 0;
			defaultConfigurationName = Release;
		};
		5B5D16FB2AB1E9A0009FFEA9 /* Build configuration list for PBXNativeTarget "Notes" */ = {
			isa = XCConfigurationList;
			buildConfigurations = (
				5B5D16FC2AB1E9A0009FFEA9 /* Debug */,
				5B5D16FD2AB1E9A0009FFEA9 /* Release */,
			);
			defaultConfigurationIsVisible = 0;
			defaultConfigurationName = Release;
		};
/* End XCConfigurationList section */
	};
	rootObject = 5B5D16DB2AB1E99F009FFEA9 /* Project object */;
}
